// !$*UTF8*$!
{
	archiveVersion = 1;
	classes = {
	};
	objectVersion = 56;
	objects = {

/* Begin PBXBuildFile section */
		0B6C0FFBBF252B0429515B88 /* (null) in Frameworks */ = {isa = PBXBuildFile; };
		290585552B71FE9600B80F68 /* UIColor+.swift in Sources */ = {isa = PBXBuildFile; fileRef = 290585542B71FE9600B80F68 /* UIColor+.swift */; };
		291FB1142BF63E7D0050AB90 /* AlbumSnapResDto.swift in Sources */ = {isa = PBXBuildFile; fileRef = 291FB1132BF63E7D0050AB90 /* AlbumSnapResDto.swift */; };
		2920B7A42C0764AC002A7688 /* CommonResponseDtoListFindSnapPagingResDto.swift in Sources */ = {isa = PBXBuildFile; fileRef = 2920B7A32C0764AC002A7688 /* CommonResponseDtoListFindSnapPagingResDto.swift */; };
		2924E8172BA7FA3C0025AAA9 /* NotificationViewController.swift in Sources */ = {isa = PBXBuildFile; fileRef = 2924E8162BA7FA3C0025AAA9 /* NotificationViewController.swift */; };
		2924E81A2BA830190025AAA9 /* CommentView.swift in Sources */ = {isa = PBXBuildFile; fileRef = 2924E8192BA830190025AAA9 /* CommentView.swift */; };
		292977782B6618FA00FDC799 /* AppDelegate.swift in Sources */ = {isa = PBXBuildFile; fileRef = 292977772B6618FA00FDC799 /* AppDelegate.swift */; };
		2929777A2B6618FA00FDC799 /* SceneDelegate.swift in Sources */ = {isa = PBXBuildFile; fileRef = 292977792B6618FA00FDC799 /* SceneDelegate.swift */; };
		292977812B6618FB00FDC799 /* Assets.xcassets in Resources */ = {isa = PBXBuildFile; fileRef = 292977802B6618FB00FDC799 /* Assets.xcassets */; };
		292977842B6618FB00FDC799 /* LaunchScreen.storyboard in Resources */ = {isa = PBXBuildFile; fileRef = 292977822B6618FB00FDC799 /* LaunchScreen.storyboard */; };
		292A4D652B7CBD1F002FCC57 /* SnapCollectionViewCell.swift in Sources */ = {isa = PBXBuildFile; fileRef = 292A4D642B7CBD1F002FCC57 /* SnapCollectionViewCell.swift */; };
		292A4D672B7CBD7F002FCC57 /* UICollectionViewCell+.swift in Sources */ = {isa = PBXBuildFile; fileRef = 292A4D662B7CBD7F002FCC57 /* UICollectionViewCell+.swift */; };
		2933DB072C301D5A00E603D1 /* UserUpdateDto.swift in Sources */ = {isa = PBXBuildFile; fileRef = 2933DB062C301D5A00E603D1 /* UserUpdateDto.swift */; };
		2936B8E02B9C607800568E24 /* ProfileSettingView.swift in Sources */ = {isa = PBXBuildFile; fileRef = 2936B8DF2B9C607800568E24 /* ProfileSettingView.swift */; };
		294B12BC2B7C850B00D19E60 /* TabBarItemType.swift in Sources */ = {isa = PBXBuildFile; fileRef = 294B12BB2B7C850B00D19E60 /* TabBarItemType.swift */; };
		294FF9EF2B6C9ED200EDD005 /* AppCoordinator.swift in Sources */ = {isa = PBXBuildFile; fileRef = 294FF9EE2B6C9ED200EDD005 /* AppCoordinator.swift */; };
		294FF9F22B6CA0DB00EDD005 /* TabBarCoordinator.swift in Sources */ = {isa = PBXBuildFile; fileRef = 294FF9F12B6CA0DB00EDD005 /* TabBarCoordinator.swift */; };
		294FF9F42B6CA0FD00EDD005 /* AuthCoordinator.swift in Sources */ = {isa = PBXBuildFile; fileRef = 294FF9F32B6CA0FD00EDD005 /* AuthCoordinator.swift */; };
		294FF9F62B6CA11200EDD005 /* HomeCoordinator.swift in Sources */ = {isa = PBXBuildFile; fileRef = 294FF9F52B6CA11200EDD005 /* HomeCoordinator.swift */; };
		294FF9F82B6CA12B00EDD005 /* CommunityCoordinator.swift in Sources */ = {isa = PBXBuildFile; fileRef = 294FF9F72B6CA12B00EDD005 /* CommunityCoordinator.swift */; };
		294FF9FA2B6CA13C00EDD005 /* ProfileCoordinator.swift in Sources */ = {isa = PBXBuildFile; fileRef = 294FF9F92B6CA13C00EDD005 /* ProfileCoordinator.swift */; };
		294FF9FC2B6CB1A700EDD005 /* RecommendCoordinator.swift in Sources */ = {isa = PBXBuildFile; fileRef = 294FF9FB2B6CB1A700EDD005 /* RecommendCoordinator.swift */; };
		2954EAD12C298A3600994F15 /* UserResDto.swift in Sources */ = {isa = PBXBuildFile; fileRef = 2954EAD02C298A3600994F15 /* UserResDto.swift */; };
		2958C8C72B91A98400902027 /* TopTapBarCollectionViewCell.swift in Sources */ = {isa = PBXBuildFile; fileRef = 2958C8C62B91A98400902027 /* TopTapBarCollectionViewCell.swift */; };
		2958C8CB2B91A9CA00902027 /* EditProfileTextField.swift in Sources */ = {isa = PBXBuildFile; fileRef = 2958C8CA2B91A9CA00902027 /* EditProfileTextField.swift */; };
		295DF0502BC500C400112DE7 /* SnapTimeCustomButton.swift in Sources */ = {isa = PBXBuildFile; fileRef = 298F7F762B6BA7BD00A8DBC5 /* SnapTimeCustomButton.swift */; };
		295DF0522BC505A100112DE7 /* UILabel+.swift in Sources */ = {isa = PBXBuildFile; fileRef = 295DF0512BC505A100112DE7 /* UILabel+.swift */; };
		296167AA2BBBC7A7003CA89C /* SnapPreviewViewController.swift in Sources */ = {isa = PBXBuildFile; fileRef = 296167A92BBBC7A7003CA89C /* SnapPreviewViewController.swift */; };
		296167AC2BBBE74F003CA89C /* AddSnapViewController.swift in Sources */ = {isa = PBXBuildFile; fileRef = 296167AB2BBBE74F003CA89C /* AddSnapViewController.swift */; };
		296167AE2BBC1C41003CA89C /* SnapTagListViewController.swift in Sources */ = {isa = PBXBuildFile; fileRef = 296167AD2BBC1C41003CA89C /* SnapTagListViewController.swift */; };
		296167B02BBC20AA003CA89C /* AddTagListCollectionViewCell.swift in Sources */ = {isa = PBXBuildFile; fileRef = 296167AF2BBC20AA003CA89C /* AddTagListCollectionViewCell.swift */; };
		296E0F672B8859E700758653 /* TopTapBarView.swift in Sources */ = {isa = PBXBuildFile; fileRef = 296E0F662B8859E700758653 /* TopTapBarView.swift */; };
		297090232C37D8B5004A151B /* FollowViewController.swift in Sources */ = {isa = PBXBuildFile; fileRef = 297090222C37D8B5004A151B /* FollowViewController.swift */; };
		297090252C37DADD004A151B /* FollowTableViewCell.swift in Sources */ = {isa = PBXBuildFile; fileRef = 297090242C37DADD004A151B /* FollowTableViewCell.swift */; };
		297090292C38014A004A151B /* IconButton.swift in Sources */ = {isa = PBXBuildFile; fileRef = 297090282C38014A004A151B /* IconButton.swift */; };
		2970902B2C380A71004A151B /* FindFriendResDto.swift in Sources */ = {isa = PBXBuildFile; fileRef = 2970902A2C380A71004A151B /* FindFriendResDto.swift */; };
		298F7F5D2B6BA34700A8DBC5 /* ProfileViewController.swift in Sources */ = {isa = PBXBuildFile; fileRef = 298F7F5C2B6BA34700A8DBC5 /* ProfileViewController.swift */; };
		298F7F5F2B6BA36300A8DBC5 /* BaseViewController.swift in Sources */ = {isa = PBXBuildFile; fileRef = 298F7F5E2B6BA36300A8DBC5 /* BaseViewController.swift */; };
		298F7F612B6BA38000A8DBC5 /* CommunityViewController.swift in Sources */ = {isa = PBXBuildFile; fileRef = 298F7F602B6BA38000A8DBC5 /* CommunityViewController.swift */; };
		298F7F632B6BA3A700A8DBC5 /* MainAlbumViewController.swift in Sources */ = {isa = PBXBuildFile; fileRef = 298F7F622B6BA3A700A8DBC5 /* MainAlbumViewController.swift */; };
		298F7F652B6BA3FE00A8DBC5 /* JoinIdViewController.swift in Sources */ = {isa = PBXBuildFile; fileRef = 298F7F642B6BA3FE00A8DBC5 /* JoinIdViewController.swift */; };
		298F7F672B6BA4D600A8DBC5 /* SnapViewController.swift in Sources */ = {isa = PBXBuildFile; fileRef = 298F7F662B6BA4D600A8DBC5 /* SnapViewController.swift */; };
		298F7F692B6BA5CE00A8DBC5 /* SettingProfileViewController.swift in Sources */ = {isa = PBXBuildFile; fileRef = 298F7F682B6BA5CE00A8DBC5 /* SettingProfileViewController.swift */; };
		298F7F6B2B6BA5DB00A8DBC5 /* EditProfileViewController.swift in Sources */ = {isa = PBXBuildFile; fileRef = 298F7F6A2B6BA5DB00A8DBC5 /* EditProfileViewController.swift */; };
		298F7F752B6BA79C00A8DBC5 /* AuthTextField.swift in Sources */ = {isa = PBXBuildFile; fileRef = 298F7F742B6BA79C00A8DBC5 /* AuthTextField.swift */; };
		298F7F792B6BA7E600A8DBC5 /* LoginViewController.swift in Sources */ = {isa = PBXBuildFile; fileRef = 298F7F782B6BA7E600A8DBC5 /* LoginViewController.swift */; };
		298F7F7B2B6BA80F00A8DBC5 /* JoinPasswordViewController.swift in Sources */ = {isa = PBXBuildFile; fileRef = 298F7F7A2B6BA80F00A8DBC5 /* JoinPasswordViewController.swift */; };
		298F7F7D2B6BA83C00A8DBC5 /* JoinNameViewController.swift in Sources */ = {isa = PBXBuildFile; fileRef = 298F7F7C2B6BA83C00A8DBC5 /* JoinNameViewController.swift */; };
		298F7F7F2B6BA85700A8DBC5 /* JoinEmailViewController.swift in Sources */ = {isa = PBXBuildFile; fileRef = 298F7F7E2B6BA85700A8DBC5 /* JoinEmailViewController.swift */; };
		29AA37B12BF23CB9009EF296 /* UserProfileResDto.swift in Sources */ = {isa = PBXBuildFile; fileRef = 29AA37B02BF23CB9009EF296 /* UserProfileResDto.swift */; };
		29AA37B32BF23D81009EF296 /* UserProfileManager.swift in Sources */ = {isa = PBXBuildFile; fileRef = 29AA37B22BF23D81009EF296 /* UserProfileManager.swift */; };
		29AA37B52BF242A4009EF296 /* ProfileBasicModel.swift in Sources */ = {isa = PBXBuildFile; fileRef = 29AA37B42BF242A4009EF296 /* ProfileBasicModel.swift */; };
		29AA38072BF261E5009EF296 /* ProfileCntResDto.swift in Sources */ = {isa = PBXBuildFile; fileRef = 29AA38062BF261E5009EF296 /* ProfileCntResDto.swift */; };
		29B7D3CD2C020D1F00ADF15E /* SnapPreviewCollectionViewCell.swift in Sources */ = {isa = PBXBuildFile; fileRef = 29B7D3CC2C020D1F00ADF15E /* SnapPreviewCollectionViewCell.swift */; };
		29E6EA132BFF8B13004F154F /* APIService.swift in Sources */ = {isa = PBXBuildFile; fileRef = 29E6EA122BFF8B13004F154F /* APIService.swift */; };
		29EC04E82C369B5B00181AF9 /* CommonResponseDtoListFindParentReplyResDto.swift in Sources */ = {isa = PBXBuildFile; fileRef = 29EC04E72C369B5B00181AF9 /* CommonResponseDtoListFindParentReplyResDto.swift */; };
		29F80BF52B8589AC003614AB /* ProfileStatusView.swift in Sources */ = {isa = PBXBuildFile; fileRef = 29F80BF42B8589AC003614AB /* ProfileStatusView.swift */; };
		29F80BF72B858CB5003614AB /* ProfileStatusButton.swift in Sources */ = {isa = PBXBuildFile; fileRef = 29F80BF62B858CB5003614AB /* ProfileStatusButton.swift */; };
		29F80BF92B85AECB003614AB /* ProfileListTabButton.swift in Sources */ = {isa = PBXBuildFile; fileRef = 29F80BF82B85AECB003614AB /* ProfileListTabButton.swift */; };
		29F80C6E2B8657C0003614AB /* AlbumListView.swift in Sources */ = {isa = PBXBuildFile; fileRef = 29F80C6D2B8657C0003614AB /* AlbumListView.swift */; };
		29F80C702B8657C8003614AB /* TagListView.swift in Sources */ = {isa = PBXBuildFile; fileRef = 29F80C6F2B8657C8003614AB /* TagListView.swift */; };
		29F80C722B865A1E003614AB /* TagListCollectionViewCell.swift in Sources */ = {isa = PBXBuildFile; fileRef = 29F80C712B865A1E003614AB /* TagListCollectionViewCell.swift */; };
		29F80C762B8767AC003614AB /* AlbumListCollectionViewCell.swift in Sources */ = {isa = PBXBuildFile; fileRef = 29F80C752B8767AC003614AB /* AlbumListCollectionViewCell.swift */; };
		29FF6B902C1F15CD00CD5DCD /* SnapResDto.swift in Sources */ = {isa = PBXBuildFile; fileRef = 29FF6B8F2C1F15CD00CD5DCD /* SnapResDto.swift */; };
		5B46AB0F930B41350A298C3E /* Pods_Snaptime.framework in Frameworks */ = {isa = PBXBuildFile; fileRef = 052CC9F90658965E1C6CF6C0 /* Pods_Snaptime.framework */; };
		A62FE22B2BE24CD600BACF77 /* Album.swift in Sources */ = {isa = PBXBuildFile; fileRef = A62FE22A2BE24CD600BACF77 /* Album.swift */; };
		A652BD7A2B9AA5C500CA9F37 /* CGPoint+.swift in Sources */ = {isa = PBXBuildFile; fileRef = A652BD792B9AA5C500CA9F37 /* CGPoint+.swift */; };
		A66C412C2BB5774200AC4284 /* NotificationCollectionViewCell.swift in Sources */ = {isa = PBXBuildFile; fileRef = A66C412B2BB5774200AC4284 /* NotificationCollectionViewCell.swift */; };
		A66C41352BBC40FC00AC4284 /* CommentViewController.swift in Sources */ = {isa = PBXBuildFile; fileRef = A66C41342BBC40FC00AC4284 /* CommentViewController.swift */; };
		A66C41382BBC4D5700AC4284 /* SingleCommentView.swift in Sources */ = {isa = PBXBuildFile; fileRef = A66C41372BBC4D5700AC4284 /* SingleCommentView.swift */; };
		A66C413A2BBC4D8A00AC4284 /* CommentCollectionViewCell.swift in Sources */ = {isa = PBXBuildFile; fileRef = A66C41392BBC4D8A00AC4284 /* CommentCollectionViewCell.swift */; };
		A66C413C2BBC680600AC4284 /* CommentSupplementaryHeaderView.swift in Sources */ = {isa = PBXBuildFile; fileRef = A66C413B2BBC680600AC4284 /* CommentSupplementaryHeaderView.swift */; };
		A66C413E2BBC69F200AC4284 /* CommentSupplementaryFooterView.swift in Sources */ = {isa = PBXBuildFile; fileRef = A66C413D2BBC69F200AC4284 /* CommentSupplementaryFooterView.swift */; };
		A68184F82BFB5DC800ECBDE3 /* FindAllAlbumsResDto.swift in Sources */ = {isa = PBXBuildFile; fileRef = A68184F72BFB5DC800ECBDE3 /* FindAllAlbumsResDto.swift */; };
		A68184FA2BFC496800ECBDE3 /* AccessToken.swift in Sources */ = {isa = PBXBuildFile; fileRef = A68184F92BFC496800ECBDE3 /* AccessToken.swift */; };
		A68184FC2C0477C800ECBDE3 /* FindSnapResDto.swift in Sources */ = {isa = PBXBuildFile; fileRef = A68184FB2C0477C800ECBDE3 /* FindSnapResDto.swift */; };
		A68185002C32E27700ECBDE3 /* RoundImageView.swift in Sources */ = {isa = PBXBuildFile; fileRef = A68184FF2C32E27700ECBDE3 /* RoundImageView.swift */; };
		A68185022C32E7A500ECBDE3 /* UITextField+.swift in Sources */ = {isa = PBXBuildFile; fileRef = A68185012C32E7A500ECBDE3 /* UITextField+.swift */; };
		A68185062C3573B000ECBDE3 /* FindParentReplyResDto.swift in Sources */ = {isa = PBXBuildFile; fileRef = A68185052C3573B000ECBDE3 /* FindParentReplyResDto.swift */; };
		A69A816C2B7E0F00006BAEB2 /* AlbumCollectionViewCell.swift in Sources */ = {isa = PBXBuildFile; fileRef = A69A816B2B7E0F00006BAEB2 /* AlbumCollectionViewCell.swift */; };
		A69A81BC2B876E2F006BAEB2 /* RecommendViewController.swift in Sources */ = {isa = PBXBuildFile; fileRef = A69A81BB2B876E2F006BAEB2 /* RecommendViewController.swift */; };
		A69A81BF2B8777A8006BAEB2 /* RecommendSectionView.swift in Sources */ = {isa = PBXBuildFile; fileRef = A69A81BE2B8777A8006BAEB2 /* RecommendSectionView.swift */; };
		A69A81C22B877DBF006BAEB2 /* RecommendTableViewCell.swift in Sources */ = {isa = PBXBuildFile; fileRef = A69A81C12B877DBF006BAEB2 /* RecommendTableViewCell.swift */; };
		A69A81C42B877F2D006BAEB2 /* UITableViewCell+.swift in Sources */ = {isa = PBXBuildFile; fileRef = A69A81C32B877F2D006BAEB2 /* UITableViewCell+.swift */; };
		A69A81D62B8F77DD006BAEB2 /* QRReaderViewController.swift in Sources */ = {isa = PBXBuildFile; fileRef = A69A81D52B8F77DD006BAEB2 /* QRReaderViewController.swift */; };
/* End PBXBuildFile section */

/* Begin PBXFileReference section */
		02D1530B334B76A3EB8999A7 /* Pods-Snaptime.release.xcconfig */ = {isa = PBXFileReference; includeInIndex = 1; lastKnownFileType = text.xcconfig; name = "Pods-Snaptime.release.xcconfig"; path = "Target Support Files/Pods-Snaptime/Pods-Snaptime.release.xcconfig"; sourceTree = "<group>"; };
		052CC9F90658965E1C6CF6C0 /* Pods_Snaptime.framework */ = {isa = PBXFileReference; explicitFileType = wrapper.framework; includeInIndex = 0; path = Pods_Snaptime.framework; sourceTree = BUILT_PRODUCTS_DIR; };
		2608CDA1B42F7E7BA33C8BA3 /* Pods-Snaptime.debug.xcconfig */ = {isa = PBXFileReference; includeInIndex = 1; lastKnownFileType = text.xcconfig; name = "Pods-Snaptime.debug.xcconfig"; path = "Target Support Files/Pods-Snaptime/Pods-Snaptime.debug.xcconfig"; sourceTree = "<group>"; };
		290585542B71FE9600B80F68 /* UIColor+.swift */ = {isa = PBXFileReference; lastKnownFileType = sourcecode.swift; path = "UIColor+.swift"; sourceTree = "<group>"; };
		290FD03D2BAC2B6B00E74F6A /* NotificationCollectionViewCell.swift */ = {isa = PBXFileReference; lastKnownFileType = sourcecode.swift; path = NotificationCollectionViewCell.swift; sourceTree = "<group>"; };
		291FB1132BF63E7D0050AB90 /* AlbumSnapResDto.swift */ = {isa = PBXFileReference; lastKnownFileType = sourcecode.swift; path = AlbumSnapResDto.swift; sourceTree = "<group>"; };
		2920B7A32C0764AC002A7688 /* CommonResponseDtoListFindSnapPagingResDto.swift */ = {isa = PBXFileReference; lastKnownFileType = sourcecode.swift; path = CommonResponseDtoListFindSnapPagingResDto.swift; sourceTree = "<group>"; };
		2924E8162BA7FA3C0025AAA9 /* NotificationViewController.swift */ = {isa = PBXFileReference; lastKnownFileType = sourcecode.swift; path = NotificationViewController.swift; sourceTree = "<group>"; };
		2924E8192BA830190025AAA9 /* CommentView.swift */ = {isa = PBXFileReference; lastKnownFileType = sourcecode.swift; path = CommentView.swift; sourceTree = "<group>"; };
		292977742B6618FA00FDC799 /* Snaptime.app */ = {isa = PBXFileReference; explicitFileType = wrapper.application; includeInIndex = 0; path = Snaptime.app; sourceTree = BUILT_PRODUCTS_DIR; };
		292977772B6618FA00FDC799 /* AppDelegate.swift */ = {isa = PBXFileReference; lastKnownFileType = sourcecode.swift; path = AppDelegate.swift; sourceTree = "<group>"; };
		292977792B6618FA00FDC799 /* SceneDelegate.swift */ = {isa = PBXFileReference; lastKnownFileType = sourcecode.swift; path = SceneDelegate.swift; sourceTree = "<group>"; };
		292977802B6618FB00FDC799 /* Assets.xcassets */ = {isa = PBXFileReference; lastKnownFileType = folder.assetcatalog; path = Assets.xcassets; sourceTree = "<group>"; };
		292977832B6618FB00FDC799 /* Base */ = {isa = PBXFileReference; lastKnownFileType = file.storyboard; name = Base; path = Base.lproj/LaunchScreen.storyboard; sourceTree = "<group>"; };
		292977852B6618FB00FDC799 /* Info.plist */ = {isa = PBXFileReference; lastKnownFileType = text.plist.xml; path = Info.plist; sourceTree = "<group>"; };
		292A4D642B7CBD1F002FCC57 /* SnapCollectionViewCell.swift */ = {isa = PBXFileReference; lastKnownFileType = sourcecode.swift; path = SnapCollectionViewCell.swift; sourceTree = "<group>"; };
		292A4D662B7CBD7F002FCC57 /* UICollectionViewCell+.swift */ = {isa = PBXFileReference; lastKnownFileType = sourcecode.swift; path = "UICollectionViewCell+.swift"; sourceTree = "<group>"; };
		2933DB062C301D5A00E603D1 /* UserUpdateDto.swift */ = {isa = PBXFileReference; lastKnownFileType = sourcecode.swift; path = UserUpdateDto.swift; sourceTree = "<group>"; };
		2936B8DF2B9C607800568E24 /* ProfileSettingView.swift */ = {isa = PBXFileReference; lastKnownFileType = sourcecode.swift; path = ProfileSettingView.swift; sourceTree = "<group>"; };
		294B12BB2B7C850B00D19E60 /* TabBarItemType.swift */ = {isa = PBXFileReference; lastKnownFileType = sourcecode.swift; path = TabBarItemType.swift; sourceTree = "<group>"; };
		294FF9EE2B6C9ED200EDD005 /* AppCoordinator.swift */ = {isa = PBXFileReference; lastKnownFileType = sourcecode.swift; path = AppCoordinator.swift; sourceTree = "<group>"; };
		294FF9F12B6CA0DB00EDD005 /* TabBarCoordinator.swift */ = {isa = PBXFileReference; lastKnownFileType = sourcecode.swift; path = TabBarCoordinator.swift; sourceTree = "<group>"; };
		294FF9F32B6CA0FD00EDD005 /* AuthCoordinator.swift */ = {isa = PBXFileReference; lastKnownFileType = sourcecode.swift; path = AuthCoordinator.swift; sourceTree = "<group>"; };
		294FF9F52B6CA11200EDD005 /* HomeCoordinator.swift */ = {isa = PBXFileReference; lastKnownFileType = sourcecode.swift; path = HomeCoordinator.swift; sourceTree = "<group>"; };
		294FF9F72B6CA12B00EDD005 /* CommunityCoordinator.swift */ = {isa = PBXFileReference; lastKnownFileType = sourcecode.swift; path = CommunityCoordinator.swift; sourceTree = "<group>"; };
		294FF9F92B6CA13C00EDD005 /* ProfileCoordinator.swift */ = {isa = PBXFileReference; lastKnownFileType = sourcecode.swift; path = ProfileCoordinator.swift; sourceTree = "<group>"; };
		294FF9FB2B6CB1A700EDD005 /* RecommendCoordinator.swift */ = {isa = PBXFileReference; lastKnownFileType = sourcecode.swift; path = RecommendCoordinator.swift; sourceTree = "<group>"; };
		2954EAD02C298A3600994F15 /* UserResDto.swift */ = {isa = PBXFileReference; lastKnownFileType = sourcecode.swift; path = UserResDto.swift; sourceTree = "<group>"; };
		2958C8C62B91A98400902027 /* TopTapBarCollectionViewCell.swift */ = {isa = PBXFileReference; lastKnownFileType = sourcecode.swift; path = TopTapBarCollectionViewCell.swift; sourceTree = "<group>"; };
		2958C8CA2B91A9CA00902027 /* EditProfileTextField.swift */ = {isa = PBXFileReference; lastKnownFileType = sourcecode.swift; path = EditProfileTextField.swift; sourceTree = "<group>"; };
		295DF0512BC505A100112DE7 /* UILabel+.swift */ = {isa = PBXFileReference; lastKnownFileType = sourcecode.swift; path = "UILabel+.swift"; sourceTree = "<group>"; };
		296167A92BBBC7A7003CA89C /* SnapPreviewViewController.swift */ = {isa = PBXFileReference; lastKnownFileType = sourcecode.swift; path = SnapPreviewViewController.swift; sourceTree = "<group>"; };
		296167AB2BBBE74F003CA89C /* AddSnapViewController.swift */ = {isa = PBXFileReference; lastKnownFileType = sourcecode.swift; path = AddSnapViewController.swift; sourceTree = "<group>"; };
		296167AD2BBC1C41003CA89C /* SnapTagListViewController.swift */ = {isa = PBXFileReference; lastKnownFileType = sourcecode.swift; path = SnapTagListViewController.swift; sourceTree = "<group>"; };
		296167AF2BBC20AA003CA89C /* AddTagListCollectionViewCell.swift */ = {isa = PBXFileReference; lastKnownFileType = sourcecode.swift; path = AddTagListCollectionViewCell.swift; sourceTree = "<group>"; };
		296E0F662B8859E700758653 /* TopTapBarView.swift */ = {isa = PBXFileReference; lastKnownFileType = sourcecode.swift; path = TopTapBarView.swift; sourceTree = "<group>"; };
		297090222C37D8B5004A151B /* FollowViewController.swift */ = {isa = PBXFileReference; lastKnownFileType = sourcecode.swift; path = FollowViewController.swift; sourceTree = "<group>"; };
		297090242C37DADD004A151B /* FollowTableViewCell.swift */ = {isa = PBXFileReference; lastKnownFileType = sourcecode.swift; path = FollowTableViewCell.swift; sourceTree = "<group>"; };
		297090282C38014A004A151B /* IconButton.swift */ = {isa = PBXFileReference; lastKnownFileType = sourcecode.swift; path = IconButton.swift; sourceTree = "<group>"; };
		2970902A2C380A71004A151B /* FindFriendResDto.swift */ = {isa = PBXFileReference; lastKnownFileType = sourcecode.swift; path = FindFriendResDto.swift; sourceTree = "<group>"; };
		298F7F5C2B6BA34700A8DBC5 /* ProfileViewController.swift */ = {isa = PBXFileReference; lastKnownFileType = sourcecode.swift; path = ProfileViewController.swift; sourceTree = "<group>"; };
		298F7F5E2B6BA36300A8DBC5 /* BaseViewController.swift */ = {isa = PBXFileReference; lastKnownFileType = sourcecode.swift; path = BaseViewController.swift; sourceTree = "<group>"; };
		298F7F602B6BA38000A8DBC5 /* CommunityViewController.swift */ = {isa = PBXFileReference; lastKnownFileType = sourcecode.swift; path = CommunityViewController.swift; sourceTree = "<group>"; };
		298F7F622B6BA3A700A8DBC5 /* MainAlbumViewController.swift */ = {isa = PBXFileReference; lastKnownFileType = sourcecode.swift; path = MainAlbumViewController.swift; sourceTree = "<group>"; };
		298F7F642B6BA3FE00A8DBC5 /* JoinIdViewController.swift */ = {isa = PBXFileReference; lastKnownFileType = sourcecode.swift; path = JoinIdViewController.swift; sourceTree = "<group>"; };
		298F7F662B6BA4D600A8DBC5 /* SnapViewController.swift */ = {isa = PBXFileReference; lastKnownFileType = sourcecode.swift; path = SnapViewController.swift; sourceTree = "<group>"; };
		298F7F682B6BA5CE00A8DBC5 /* SettingProfileViewController.swift */ = {isa = PBXFileReference; lastKnownFileType = sourcecode.swift; path = SettingProfileViewController.swift; sourceTree = "<group>"; };
		298F7F6A2B6BA5DB00A8DBC5 /* EditProfileViewController.swift */ = {isa = PBXFileReference; lastKnownFileType = sourcecode.swift; path = EditProfileViewController.swift; sourceTree = "<group>"; };
		298F7F742B6BA79C00A8DBC5 /* AuthTextField.swift */ = {isa = PBXFileReference; lastKnownFileType = sourcecode.swift; path = AuthTextField.swift; sourceTree = "<group>"; };
		298F7F762B6BA7BD00A8DBC5 /* SnapTimeCustomButton.swift */ = {isa = PBXFileReference; lastKnownFileType = sourcecode.swift; path = SnapTimeCustomButton.swift; sourceTree = "<group>"; };
		298F7F782B6BA7E600A8DBC5 /* LoginViewController.swift */ = {isa = PBXFileReference; lastKnownFileType = sourcecode.swift; path = LoginViewController.swift; sourceTree = "<group>"; };
		298F7F7A2B6BA80F00A8DBC5 /* JoinPasswordViewController.swift */ = {isa = PBXFileReference; lastKnownFileType = sourcecode.swift; path = JoinPasswordViewController.swift; sourceTree = "<group>"; };
		298F7F7C2B6BA83C00A8DBC5 /* JoinNameViewController.swift */ = {isa = PBXFileReference; lastKnownFileType = sourcecode.swift; path = JoinNameViewController.swift; sourceTree = "<group>"; };
		298F7F7E2B6BA85700A8DBC5 /* JoinEmailViewController.swift */ = {isa = PBXFileReference; lastKnownFileType = sourcecode.swift; path = JoinEmailViewController.swift; sourceTree = "<group>"; };
		29AA37B02BF23CB9009EF296 /* UserProfileResDto.swift */ = {isa = PBXFileReference; lastKnownFileType = sourcecode.swift; path = UserProfileResDto.swift; sourceTree = "<group>"; };
		29AA37B22BF23D81009EF296 /* UserProfileManager.swift */ = {isa = PBXFileReference; lastKnownFileType = sourcecode.swift; path = UserProfileManager.swift; sourceTree = "<group>"; };
		29AA37B42BF242A4009EF296 /* ProfileBasicModel.swift */ = {isa = PBXFileReference; lastKnownFileType = sourcecode.swift; path = ProfileBasicModel.swift; sourceTree = "<group>"; };
		29AA38062BF261E5009EF296 /* ProfileCntResDto.swift */ = {isa = PBXFileReference; lastKnownFileType = sourcecode.swift; path = ProfileCntResDto.swift; sourceTree = "<group>"; };
		29B7D3CC2C020D1F00ADF15E /* SnapPreviewCollectionViewCell.swift */ = {isa = PBXFileReference; lastKnownFileType = sourcecode.swift; path = SnapPreviewCollectionViewCell.swift; sourceTree = "<group>"; };
		29E6EA122BFF8B13004F154F /* APIService.swift */ = {isa = PBXFileReference; lastKnownFileType = sourcecode.swift; path = APIService.swift; sourceTree = "<group>"; };
		29EC04E72C369B5B00181AF9 /* CommonResponseDtoListFindParentReplyResDto.swift */ = {isa = PBXFileReference; lastKnownFileType = sourcecode.swift; path = CommonResponseDtoListFindParentReplyResDto.swift; sourceTree = "<group>"; };
		29F80BF42B8589AC003614AB /* ProfileStatusView.swift */ = {isa = PBXFileReference; lastKnownFileType = sourcecode.swift; path = ProfileStatusView.swift; sourceTree = "<group>"; };
		29F80BF62B858CB5003614AB /* ProfileStatusButton.swift */ = {isa = PBXFileReference; lastKnownFileType = sourcecode.swift; path = ProfileStatusButton.swift; sourceTree = "<group>"; };
		29F80BF82B85AECB003614AB /* ProfileListTabButton.swift */ = {isa = PBXFileReference; lastKnownFileType = sourcecode.swift; path = ProfileListTabButton.swift; sourceTree = "<group>"; };
		29F80C6D2B8657C0003614AB /* AlbumListView.swift */ = {isa = PBXFileReference; lastKnownFileType = sourcecode.swift; path = AlbumListView.swift; sourceTree = "<group>"; };
		29F80C6F2B8657C8003614AB /* TagListView.swift */ = {isa = PBXFileReference; lastKnownFileType = sourcecode.swift; path = TagListView.swift; sourceTree = "<group>"; };
		29F80C712B865A1E003614AB /* TagListCollectionViewCell.swift */ = {isa = PBXFileReference; lastKnownFileType = sourcecode.swift; path = TagListCollectionViewCell.swift; sourceTree = "<group>"; };
		29F80C752B8767AC003614AB /* AlbumListCollectionViewCell.swift */ = {isa = PBXFileReference; lastKnownFileType = sourcecode.swift; path = AlbumListCollectionViewCell.swift; sourceTree = "<group>"; };
		29FF6B8F2C1F15CD00CD5DCD /* SnapResDto.swift */ = {isa = PBXFileReference; lastKnownFileType = sourcecode.swift; path = SnapResDto.swift; sourceTree = "<group>"; };
		A62FE22A2BE24CD600BACF77 /* Album.swift */ = {isa = PBXFileReference; lastKnownFileType = sourcecode.swift; path = Album.swift; sourceTree = "<group>"; };
		A652BD792B9AA5C500CA9F37 /* CGPoint+.swift */ = {isa = PBXFileReference; lastKnownFileType = sourcecode.swift; path = "CGPoint+.swift"; sourceTree = "<group>"; };
		A66C412B2BB5774200AC4284 /* NotificationCollectionViewCell.swift */ = {isa = PBXFileReference; fileEncoding = 4; lastKnownFileType = sourcecode.swift; path = NotificationCollectionViewCell.swift; sourceTree = "<group>"; };
		A66C41342BBC40FC00AC4284 /* CommentViewController.swift */ = {isa = PBXFileReference; lastKnownFileType = sourcecode.swift; path = CommentViewController.swift; sourceTree = "<group>"; };
		A66C41372BBC4D5700AC4284 /* SingleCommentView.swift */ = {isa = PBXFileReference; lastKnownFileType = sourcecode.swift; path = SingleCommentView.swift; sourceTree = "<group>"; };
		A66C41392BBC4D8A00AC4284 /* CommentCollectionViewCell.swift */ = {isa = PBXFileReference; lastKnownFileType = sourcecode.swift; path = CommentCollectionViewCell.swift; sourceTree = "<group>"; };
		A66C413B2BBC680600AC4284 /* CommentSupplementaryHeaderView.swift */ = {isa = PBXFileReference; lastKnownFileType = sourcecode.swift; path = CommentSupplementaryHeaderView.swift; sourceTree = "<group>"; };
		A66C413D2BBC69F200AC4284 /* CommentSupplementaryFooterView.swift */ = {isa = PBXFileReference; lastKnownFileType = sourcecode.swift; path = CommentSupplementaryFooterView.swift; sourceTree = "<group>"; };
		A68184F72BFB5DC800ECBDE3 /* FindAllAlbumsResDto.swift */ = {isa = PBXFileReference; lastKnownFileType = sourcecode.swift; path = FindAllAlbumsResDto.swift; sourceTree = "<group>"; };
		A68184F92BFC496800ECBDE3 /* AccessToken.swift */ = {isa = PBXFileReference; lastKnownFileType = sourcecode.swift; path = AccessToken.swift; sourceTree = "<group>"; };
		A68184FB2C0477C800ECBDE3 /* FindSnapResDto.swift */ = {isa = PBXFileReference; lastKnownFileType = sourcecode.swift; path = FindSnapResDto.swift; sourceTree = "<group>"; };
		A68184FF2C32E27700ECBDE3 /* RoundImageView.swift */ = {isa = PBXFileReference; lastKnownFileType = sourcecode.swift; path = RoundImageView.swift; sourceTree = "<group>"; };
		A68185012C32E7A500ECBDE3 /* UITextField+.swift */ = {isa = PBXFileReference; lastKnownFileType = sourcecode.swift; path = "UITextField+.swift"; sourceTree = "<group>"; };
		A68185052C3573B000ECBDE3 /* FindParentReplyResDto.swift */ = {isa = PBXFileReference; lastKnownFileType = sourcecode.swift; path = FindParentReplyResDto.swift; sourceTree = "<group>"; };
		A69A816B2B7E0F00006BAEB2 /* AlbumCollectionViewCell.swift */ = {isa = PBXFileReference; lastKnownFileType = sourcecode.swift; path = AlbumCollectionViewCell.swift; sourceTree = "<group>"; };
		A69A81BB2B876E2F006BAEB2 /* RecommendViewController.swift */ = {isa = PBXFileReference; lastKnownFileType = sourcecode.swift; path = RecommendViewController.swift; sourceTree = "<group>"; };
		A69A81BE2B8777A8006BAEB2 /* RecommendSectionView.swift */ = {isa = PBXFileReference; lastKnownFileType = sourcecode.swift; path = RecommendSectionView.swift; sourceTree = "<group>"; };
		A69A81C12B877DBF006BAEB2 /* RecommendTableViewCell.swift */ = {isa = PBXFileReference; lastKnownFileType = sourcecode.swift; path = RecommendTableViewCell.swift; sourceTree = "<group>"; };
		A69A81C32B877F2D006BAEB2 /* UITableViewCell+.swift */ = {isa = PBXFileReference; lastKnownFileType = sourcecode.swift; path = "UITableViewCell+.swift"; sourceTree = "<group>"; };
		A69A81D52B8F77DD006BAEB2 /* QRReaderViewController.swift */ = {isa = PBXFileReference; lastKnownFileType = sourcecode.swift; path = QRReaderViewController.swift; sourceTree = "<group>"; };
/* End PBXFileReference section */

/* Begin PBXFrameworksBuildPhase section */
		292977712B6618FA00FDC799 /* Frameworks */ = {
			isa = PBXFrameworksBuildPhase;
			buildActionMask = 2147483647;
			files = (
				0B6C0FFBBF252B0429515B88 /* (null) in Frameworks */,
				5B46AB0F930B41350A298C3E /* Pods_Snaptime.framework in Frameworks */,
			);
			runOnlyForDeploymentPostprocessing = 0;
		};
/* End PBXFrameworksBuildPhase section */

/* Begin PBXGroup section */
		290585532B71FE8600B80F68 /* Extension */ = {
			isa = PBXGroup;
			children = (
				290585542B71FE9600B80F68 /* UIColor+.swift */,
				292A4D662B7CBD7F002FCC57 /* UICollectionViewCell+.swift */,
				A69A81C32B877F2D006BAEB2 /* UITableViewCell+.swift */,
				A652BD792B9AA5C500CA9F37 /* CGPoint+.swift */,
				295DF0512BC505A100112DE7 /* UILabel+.swift */,
				A68185012C32E7A500ECBDE3 /* UITextField+.swift */,
			);
			path = Extension;
			sourceTree = "<group>";
		};
		2929776B2B6618FA00FDC799 = {
			isa = PBXGroup;
			children = (
				292977762B6618FA00FDC799 /* Snaptime */,
				292977752B6618FA00FDC799 /* Products */,
				8FD129918791FC4EABDF2316 /* Pods */,
				9B13FC2FC03DCACF64B6A2EF /* Frameworks */,
				294F81422BB5666B001E68B3 /* Recovered References */,
			);
			sourceTree = "<group>";
		};
		292977752B6618FA00FDC799 /* Products */ = {
			isa = PBXGroup;
			children = (
				292977742B6618FA00FDC799 /* Snaptime.app */,
			);
			name = Products;
			sourceTree = "<group>";
		};
		292977762B6618FA00FDC799 /* Snaptime */ = {
			isa = PBXGroup;
			children = (
				29FF6B8C2C1F057300CD5DCD /* Model */,
				A69A81BD2B877719006BAEB2 /* Components */,
				290585532B71FE8600B80F68 /* Extension */,
				294FF9F02B6CA00200EDD005 /* Coordinator */,
				298F7F592B6BA30F00A8DBC5 /* Auth */,
				298F7F582B6BA30700A8DBC5 /* Community */,
				A66C41322BBC40DC00AC4284 /* Comment */,
				A69A81B92B876DF2006BAEB2 /* Recommend */,
				298F7F572B6BA30200A8DBC5 /* Profile */,
				298F7F562B6BA2FC00A8DBC5 /* Home */,
				292977772B6618FA00FDC799 /* AppDelegate.swift */,
				292977792B6618FA00FDC799 /* SceneDelegate.swift */,
				292977802B6618FB00FDC799 /* Assets.xcassets */,
				292977822B6618FB00FDC799 /* LaunchScreen.storyboard */,
				292977852B6618FB00FDC799 /* Info.plist */,
			);
			path = Snaptime;
			sourceTree = "<group>";
		};
		294F81422BB5666B001E68B3 /* Recovered References */ = {
			isa = PBXGroup;
			children = (
				290FD03D2BAC2B6B00E74F6A /* NotificationCollectionViewCell.swift */,
			);
			name = "Recovered References";
			sourceTree = "<group>";
		};
		294FF9F02B6CA00200EDD005 /* Coordinator */ = {
			isa = PBXGroup;
			children = (
				294FF9EE2B6C9ED200EDD005 /* AppCoordinator.swift */,
				294FF9F12B6CA0DB00EDD005 /* TabBarCoordinator.swift */,
				294FF9F32B6CA0FD00EDD005 /* AuthCoordinator.swift */,
				294FF9F52B6CA11200EDD005 /* HomeCoordinator.swift */,
				294FF9F72B6CA12B00EDD005 /* CommunityCoordinator.swift */,
				294FF9FB2B6CB1A700EDD005 /* RecommendCoordinator.swift */,
				294FF9F92B6CA13C00EDD005 /* ProfileCoordinator.swift */,
				294B12BB2B7C850B00D19E60 /* TabBarItemType.swift */,
			);
			path = Coordinator;
			sourceTree = "<group>";
		};
		2958C8C52B91A68200902027 /* CustomComponents */ = {
			isa = PBXGroup;
			children = (
				29F80BF62B858CB5003614AB /* ProfileStatusButton.swift */,
				29F80BF82B85AECB003614AB /* ProfileListTabButton.swift */,
				29F80C752B8767AC003614AB /* AlbumListCollectionViewCell.swift */,
				29F80C712B865A1E003614AB /* TagListCollectionViewCell.swift */,
				2958C8CA2B91A9CA00902027 /* EditProfileTextField.swift */,
				2958C8C62B91A98400902027 /* TopTapBarCollectionViewCell.swift */,
				2936B8DF2B9C607800568E24 /* ProfileSettingView.swift */,
			);
			path = CustomComponents;
			sourceTree = "<group>";
		};
		297090262C37FF02004A151B /* VCs */ = {
			isa = PBXGroup;
			children = (
				298F7F5E2B6BA36300A8DBC5 /* BaseViewController.swift */,
				298F7F662B6BA4D600A8DBC5 /* SnapViewController.swift */,
				296167A92BBBC7A7003CA89C /* SnapPreviewViewController.swift */,
			);
			path = VCs;
			sourceTree = "<group>";
		};
		297090272C37FF0F004A151B /* Views */ = {
			isa = PBXGroup;
			children = (
				298F7F762B6BA7BD00A8DBC5 /* SnapTimeCustomButton.swift */,
				2924E8192BA830190025AAA9 /* CommentView.swift */,
				A69A816B2B7E0F00006BAEB2 /* AlbumCollectionViewCell.swift */,
				292A4D642B7CBD1F002FCC57 /* SnapCollectionViewCell.swift */,
				29B7D3CC2C020D1F00ADF15E /* SnapPreviewCollectionViewCell.swift */,
				A68184FF2C32E27700ECBDE3 /* RoundImageView.swift */,
				297090282C38014A004A151B /* IconButton.swift */,
			);
			path = Views;
			sourceTree = "<group>";
		};
		298F7F562B6BA2FC00A8DBC5 /* Home */ = {
			isa = PBXGroup;
			children = (
				298F7F732B6BA78A00A8DBC5 /* View */,
				298F7F6F2B6BA76D00A8DBC5 /* VCs */,
			);
			path = Home;
			sourceTree = "<group>";
		};
		298F7F572B6BA30200A8DBC5 /* Profile */ = {
			isa = PBXGroup;
			children = (
				29F80BF32B8589A2003614AB /* View */,
				298F7F6E2B6BA76700A8DBC5 /* VCs */,
			);
			path = Profile;
			sourceTree = "<group>";
		};
		298F7F582B6BA30700A8DBC5 /* Community */ = {
			isa = PBXGroup;
			children = (
				A661F3F62BB157930093336A /* View */,
				298F7F6D2B6BA76300A8DBC5 /* VCs */,
			);
			path = Community;
			sourceTree = "<group>";
		};
		298F7F592B6BA30F00A8DBC5 /* Auth */ = {
			isa = PBXGroup;
			children = (
				298F7F702B6BA77200A8DBC5 /* View */,
				298F7F6C2B6BA75D00A8DBC5 /* VCs */,
			);
			path = Auth;
			sourceTree = "<group>";
		};
		298F7F6C2B6BA75D00A8DBC5 /* VCs */ = {
			isa = PBXGroup;
			children = (
				298F7F782B6BA7E600A8DBC5 /* LoginViewController.swift */,
				298F7F7E2B6BA85700A8DBC5 /* JoinEmailViewController.swift */,
				298F7F7A2B6BA80F00A8DBC5 /* JoinPasswordViewController.swift */,
				298F7F7C2B6BA83C00A8DBC5 /* JoinNameViewController.swift */,
				298F7F642B6BA3FE00A8DBC5 /* JoinIdViewController.swift */,
			);
			path = VCs;
			sourceTree = "<group>";
		};
		298F7F6D2B6BA76300A8DBC5 /* VCs */ = {
			isa = PBXGroup;
			children = (
				298F7F602B6BA38000A8DBC5 /* CommunityViewController.swift */,
				2924E8162BA7FA3C0025AAA9 /* NotificationViewController.swift */,
			);
			path = VCs;
			sourceTree = "<group>";
		};
		298F7F6E2B6BA76700A8DBC5 /* VCs */ = {
			isa = PBXGroup;
			children = (
				298F7F5C2B6BA34700A8DBC5 /* ProfileViewController.swift */,
				298F7F682B6BA5CE00A8DBC5 /* SettingProfileViewController.swift */,
				298F7F6A2B6BA5DB00A8DBC5 /* EditProfileViewController.swift */,
				297090222C37D8B5004A151B /* FollowViewController.swift */,
			);
			path = VCs;
			sourceTree = "<group>";
		};
		298F7F6F2B6BA76D00A8DBC5 /* VCs */ = {
			isa = PBXGroup;
			children = (
				298F7F622B6BA3A700A8DBC5 /* MainAlbumViewController.swift */,
				A69A81D52B8F77DD006BAEB2 /* QRReaderViewController.swift */,
				296167AB2BBBE74F003CA89C /* AddSnapViewController.swift */,
				296167AD2BBC1C41003CA89C /* SnapTagListViewController.swift */,
			);
			path = VCs;
			sourceTree = "<group>";
		};
		298F7F702B6BA77200A8DBC5 /* View */ = {
			isa = PBXGroup;
			children = (
				298F7F742B6BA79C00A8DBC5 /* AuthTextField.swift */,
			);
			path = View;
			sourceTree = "<group>";
		};
		298F7F732B6BA78A00A8DBC5 /* View */ = {
			isa = PBXGroup;
			children = (
				296167AF2BBC20AA003CA89C /* AddTagListCollectionViewCell.swift */,
			);
			path = View;
			sourceTree = "<group>";
		};
		29F80BF32B8589A2003614AB /* View */ = {
			isa = PBXGroup;
			children = (
				2958C8C52B91A68200902027 /* CustomComponents */,
				29F80BF42B8589AC003614AB /* ProfileStatusView.swift */,
				29F80C6D2B8657C0003614AB /* AlbumListView.swift */,
				29F80C6F2B8657C8003614AB /* TagListView.swift */,
				296E0F662B8859E700758653 /* TopTapBarView.swift */,
				297090242C37DADD004A151B /* FollowTableViewCell.swift */,
			);
			path = View;
			sourceTree = "<group>";
		};
		29FF6B8C2C1F057300CD5DCD /* Model */ = {
			isa = PBXGroup;
			children = (
				A68184F92BFC496800ECBDE3 /* AccessToken.swift */,
				29FF6B8F2C1F15CD00CD5DCD /* SnapResDto.swift */,
				A68185052C3573B000ECBDE3 /* FindParentReplyResDto.swift */,
				2920B7A32C0764AC002A7688 /* CommonResponseDtoListFindSnapPagingResDto.swift */,
				29EC04E72C369B5B00181AF9 /* CommonResponseDtoListFindParentReplyResDto.swift */,
				29AA37B02BF23CB9009EF296 /* UserProfileResDto.swift */,
				29AA37B22BF23D81009EF296 /* UserProfileManager.swift */,
				291FB1132BF63E7D0050AB90 /* AlbumSnapResDto.swift */,
				29AA38062BF261E5009EF296 /* ProfileCntResDto.swift */,
				29AA37B42BF242A4009EF296 /* ProfileBasicModel.swift */,
				2954EAD02C298A3600994F15 /* UserResDto.swift */,
				2933DB062C301D5A00E603D1 /* UserUpdateDto.swift */,
				A68184F72BFB5DC800ECBDE3 /* FindAllAlbumsResDto.swift */,
				A62FE22A2BE24CD600BACF77 /* Album.swift */,
				A68184FB2C0477C800ECBDE3 /* FindSnapResDto.swift */,
				2970902A2C380A71004A151B /* FindFriendResDto.swift */,
			);
			path = Model;
			sourceTree = "<group>";
		};
		8FD129918791FC4EABDF2316 /* Pods */ = {
			isa = PBXGroup;
			children = (
				2608CDA1B42F7E7BA33C8BA3 /* Pods-Snaptime.debug.xcconfig */,
				02D1530B334B76A3EB8999A7 /* Pods-Snaptime.release.xcconfig */,
			);
			path = Pods;
			sourceTree = "<group>";
		};
		9B13FC2FC03DCACF64B6A2EF /* Frameworks */ = {
			isa = PBXGroup;
			children = (
				052CC9F90658965E1C6CF6C0 /* Pods_Snaptime.framework */,
			);
			name = Frameworks;
			sourceTree = "<group>";
		};
		A661F3F62BB157930093336A /* View */ = {
			isa = PBXGroup;
			children = (
				A66C412B2BB5774200AC4284 /* NotificationCollectionViewCell.swift */,
			);
			path = View;
			sourceTree = "<group>";
		};
		A66C41322BBC40DC00AC4284 /* Comment */ = {
			isa = PBXGroup;
			children = (
				A66C41362BBC4D1F00AC4284 /* View */,
				A66C41332BBC40EF00AC4284 /* VCs */,
			);
			path = Comment;
			sourceTree = "<group>";
		};
		A66C41332BBC40EF00AC4284 /* VCs */ = {
			isa = PBXGroup;
			children = (
				A66C41342BBC40FC00AC4284 /* CommentViewController.swift */,
			);
			path = VCs;
			sourceTree = "<group>";
		};
		A66C41362BBC4D1F00AC4284 /* View */ = {
			isa = PBXGroup;
			children = (
				A66C41372BBC4D5700AC4284 /* SingleCommentView.swift */,
				A66C41392BBC4D8A00AC4284 /* CommentCollectionViewCell.swift */,
				A66C413B2BBC680600AC4284 /* CommentSupplementaryHeaderView.swift */,
				A66C413D2BBC69F200AC4284 /* CommentSupplementaryFooterView.swift */,
			);
			path = View;
			sourceTree = "<group>";
		};
		A69A81B92B876DF2006BAEB2 /* Recommend */ = {
			isa = PBXGroup;
			children = (
				A69A81C02B8777AE006BAEB2 /* View */,
				A69A81BA2B876E11006BAEB2 /* VCs */,
			);
			path = Recommend;
			sourceTree = "<group>";
		};
		A69A81BA2B876E11006BAEB2 /* VCs */ = {
			isa = PBXGroup;
			children = (
				A69A81BB2B876E2F006BAEB2 /* RecommendViewController.swift */,
			);
			path = VCs;
			sourceTree = "<group>";
		};
		A69A81BD2B877719006BAEB2 /* Components */ = {
			isa = PBXGroup;
			children = (
				297090272C37FF0F004A151B /* Views */,
				297090262C37FF02004A151B /* VCs */,
				29E6EA122BFF8B13004F154F /* APIService.swift */,
			);
			path = Components;
			sourceTree = "<group>";
		};
		A69A81C02B8777AE006BAEB2 /* View */ = {
			isa = PBXGroup;
			children = (
				A69A81BE2B8777A8006BAEB2 /* RecommendSectionView.swift */,
				A69A81C12B877DBF006BAEB2 /* RecommendTableViewCell.swift */,
			);
			path = View;
			sourceTree = "<group>";
		};
/* End PBXGroup section */

/* Begin PBXNativeTarget section */
		292977732B6618FA00FDC799 /* Snaptime */ = {
			isa = PBXNativeTarget;
			buildConfigurationList = 292977882B6618FB00FDC799 /* Build configuration list for PBXNativeTarget "Snaptime" */;
			buildPhases = (
				3E4C3F4B82221E487297F98A /* [CP] Check Pods Manifest.lock */,
				292977702B6618FA00FDC799 /* Sources */,
				292977712B6618FA00FDC799 /* Frameworks */,
				292977722B6618FA00FDC799 /* Resources */,
				66A7F76951620B25F6092E1F /* [CP] Embed Pods Frameworks */,
			);
			buildRules = (
			);
			dependencies = (
			);
			name = Snaptime;
			productName = snaptime;
			productReference = 292977742B6618FA00FDC799 /* Snaptime.app */;
			productType = "com.apple.product-type.application";
		};
/* End PBXNativeTarget section */

/* Begin PBXProject section */
		2929776C2B6618FA00FDC799 /* Project object */ = {
			isa = PBXProject;
			attributes = {
				BuildIndependentTargetsInParallel = 1;
				LastSwiftUpdateCheck = 1520;
				LastUpgradeCheck = 1520;
				TargetAttributes = {
					292977732B6618FA00FDC799 = {
						CreatedOnToolsVersion = 15.2;
					};
				};
			};
			buildConfigurationList = 2929776F2B6618FA00FDC799 /* Build configuration list for PBXProject "Snaptime" */;
			compatibilityVersion = "Xcode 14.0";
			developmentRegion = en;
			hasScannedForEncodings = 0;
			knownRegions = (
				en,
				Base,
			);
			mainGroup = 2929776B2B6618FA00FDC799;
			productRefGroup = 292977752B6618FA00FDC799 /* Products */;
			projectDirPath = "";
			projectRoot = "";
			targets = (
				292977732B6618FA00FDC799 /* Snaptime */,
			);
		};
/* End PBXProject section */

/* Begin PBXResourcesBuildPhase section */
		292977722B6618FA00FDC799 /* Resources */ = {
			isa = PBXResourcesBuildPhase;
			buildActionMask = 2147483647;
			files = (
				292977842B6618FB00FDC799 /* LaunchScreen.storyboard in Resources */,
				292977812B6618FB00FDC799 /* Assets.xcassets in Resources */,
			);
			runOnlyForDeploymentPostprocessing = 0;
		};
/* End PBXResourcesBuildPhase section */

/* Begin PBXShellScriptBuildPhase section */
		3E4C3F4B82221E487297F98A /* [CP] Check Pods Manifest.lock */ = {
			isa = PBXShellScriptBuildPhase;
			buildActionMask = 2147483647;
			files = (
			);
			inputFileListPaths = (
			);
			inputPaths = (
				"${PODS_PODFILE_DIR_PATH}/Podfile.lock",
				"${PODS_ROOT}/Manifest.lock",
			);
			name = "[CP] Check Pods Manifest.lock";
			outputFileListPaths = (
			);
			outputPaths = (
				"$(DERIVED_FILE_DIR)/Pods-Snaptime-checkManifestLockResult.txt",
			);
			runOnlyForDeploymentPostprocessing = 0;
			shellPath = /bin/sh;
			shellScript = "diff \"${PODS_PODFILE_DIR_PATH}/Podfile.lock\" \"${PODS_ROOT}/Manifest.lock\" > /dev/null\nif [ $? != 0 ] ; then\n    # print error to STDERR\n    echo \"error: The sandbox is not in sync with the Podfile.lock. Run 'pod install' or update your CocoaPods installation.\" >&2\n    exit 1\nfi\n# This output is used by Xcode 'outputs' to avoid re-running this script phase.\necho \"SUCCESS\" > \"${SCRIPT_OUTPUT_FILE_0}\"\n";
			showEnvVarsInLog = 0;
		};
		66A7F76951620B25F6092E1F /* [CP] Embed Pods Frameworks */ = {
			isa = PBXShellScriptBuildPhase;
			buildActionMask = 2147483647;
			files = (
			);
			inputFileListPaths = (
				"${PODS_ROOT}/Target Support Files/Pods-Snaptime/Pods-Snaptime-frameworks-${CONFIGURATION}-input-files.xcfilelist",
			);
			name = "[CP] Embed Pods Frameworks";
			outputFileListPaths = (
				"${PODS_ROOT}/Target Support Files/Pods-Snaptime/Pods-Snaptime-frameworks-${CONFIGURATION}-output-files.xcfilelist",
			);
			runOnlyForDeploymentPostprocessing = 0;
			shellPath = /bin/sh;
			shellScript = "\"${PODS_ROOT}/Target Support Files/Pods-Snaptime/Pods-Snaptime-frameworks.sh\"\n";
			showEnvVarsInLog = 0;
		};
/* End PBXShellScriptBuildPhase section */

/* Begin PBXSourcesBuildPhase section */
		292977702B6618FA00FDC799 /* Sources */ = {
			isa = PBXSourcesBuildPhase;
			buildActionMask = 2147483647;
			files = (
				295DF0502BC500C400112DE7 /* SnapTimeCustomButton.swift in Sources */,
				2954EAD12C298A3600994F15 /* UserResDto.swift in Sources */,
				A69A81D62B8F77DD006BAEB2 /* QRReaderViewController.swift in Sources */,
				298F7F792B6BA7E600A8DBC5 /* LoginViewController.swift in Sources */,
				A66C41382BBC4D5700AC4284 /* SingleCommentView.swift in Sources */,
				A68184F82BFB5DC800ECBDE3 /* FindAllAlbumsResDto.swift in Sources */,
				2924E8172BA7FA3C0025AAA9 /* NotificationViewController.swift in Sources */,
				A62FE22B2BE24CD600BACF77 /* Album.swift in Sources */,
				298F7F6B2B6BA5DB00A8DBC5 /* EditProfileViewController.swift in Sources */,
				A69A816C2B7E0F00006BAEB2 /* AlbumCollectionViewCell.swift in Sources */,
				A69A81C22B877DBF006BAEB2 /* RecommendTableViewCell.swift in Sources */,
				29AA38072BF261E5009EF296 /* ProfileCntResDto.swift in Sources */,
				A69A81BC2B876E2F006BAEB2 /* RecommendViewController.swift in Sources */,
				2958C8CB2B91A9CA00902027 /* EditProfileTextField.swift in Sources */,
				A66C413E2BBC69F200AC4284 /* CommentSupplementaryFooterView.swift in Sources */,
				2936B8E02B9C607800568E24 /* ProfileSettingView.swift in Sources */,
				A68184FA2BFC496800ECBDE3 /* AccessToken.swift in Sources */,
				298F7F7B2B6BA80F00A8DBC5 /* JoinPasswordViewController.swift in Sources */,
				298F7F5F2B6BA36300A8DBC5 /* BaseViewController.swift in Sources */,
				2958C8C72B91A98400902027 /* TopTapBarCollectionViewCell.swift in Sources */,
				292A4D652B7CBD1F002FCC57 /* SnapCollectionViewCell.swift in Sources */,
				29F80C702B8657C8003614AB /* TagListView.swift in Sources */,
				294FF9F62B6CA11200EDD005 /* HomeCoordinator.swift in Sources */,
				29AA37B52BF242A4009EF296 /* ProfileBasicModel.swift in Sources */,
				294FF9EF2B6C9ED200EDD005 /* AppCoordinator.swift in Sources */,
				298F7F612B6BA38000A8DBC5 /* CommunityViewController.swift in Sources */,
				296E0F672B8859E700758653 /* TopTapBarView.swift in Sources */,
				29FF6B902C1F15CD00CD5DCD /* SnapResDto.swift in Sources */,
				A68185022C32E7A500ECBDE3 /* UITextField+.swift in Sources */,
				298F7F7D2B6BA83C00A8DBC5 /* JoinNameViewController.swift in Sources */,
				29F80BF52B8589AC003614AB /* ProfileStatusView.swift in Sources */,
				A68185062C3573B000ECBDE3 /* FindParentReplyResDto.swift in Sources */,
				292977782B6618FA00FDC799 /* AppDelegate.swift in Sources */,
				294B12BC2B7C850B00D19E60 /* TabBarItemType.swift in Sources */,
				29F80C722B865A1E003614AB /* TagListCollectionViewCell.swift in Sources */,
				A66C413C2BBC680600AC4284 /* CommentSupplementaryHeaderView.swift in Sources */,
				297090292C38014A004A151B /* IconButton.swift in Sources */,
				294FF9F42B6CA0FD00EDD005 /* AuthCoordinator.swift in Sources */,
				29AA37B12BF23CB9009EF296 /* UserProfileResDto.swift in Sources */,
				A66C413A2BBC4D8A00AC4284 /* CommentCollectionViewCell.swift in Sources */,
				2933DB072C301D5A00E603D1 /* UserUpdateDto.swift in Sources */,
				A66C41352BBC40FC00AC4284 /* CommentViewController.swift in Sources */,
				A69A81BF2B8777A8006BAEB2 /* RecommendSectionView.swift in Sources */,
				2924E81A2BA830190025AAA9 /* CommentView.swift in Sources */,
				2920B7A42C0764AC002A7688 /* CommonResponseDtoListFindSnapPagingResDto.swift in Sources */,
				294FF9FC2B6CB1A700EDD005 /* RecommendCoordinator.swift in Sources */,
				296167AA2BBBC7A7003CA89C /* SnapPreviewViewController.swift in Sources */,
				294FF9F22B6CA0DB00EDD005 /* TabBarCoordinator.swift in Sources */,
				291FB1142BF63E7D0050AB90 /* AlbumSnapResDto.swift in Sources */,
				A68185002C32E27700ECBDE3 /* RoundImageView.swift in Sources */,
				A68184FC2C0477C800ECBDE3 /* FindSnapResDto.swift in Sources */,
				294FF9FA2B6CA13C00EDD005 /* ProfileCoordinator.swift in Sources */,
				29E6EA132BFF8B13004F154F /* APIService.swift in Sources */,
				295DF0522BC505A100112DE7 /* UILabel+.swift in Sources */,
				298F7F672B6BA4D600A8DBC5 /* SnapViewController.swift in Sources */,
				A66C412C2BB5774200AC4284 /* NotificationCollectionViewCell.swift in Sources */,
				298F7F5D2B6BA34700A8DBC5 /* ProfileViewController.swift in Sources */,
				298F7F652B6BA3FE00A8DBC5 /* JoinIdViewController.swift in Sources */,
				297090252C37DADD004A151B /* FollowTableViewCell.swift in Sources */,
				296167AC2BBBE74F003CA89C /* AddSnapViewController.swift in Sources */,
				298F7F692B6BA5CE00A8DBC5 /* SettingProfileViewController.swift in Sources */,
				29F80C6E2B8657C0003614AB /* AlbumListView.swift in Sources */,
				298F7F752B6BA79C00A8DBC5 /* AuthTextField.swift in Sources */,
				292A4D672B7CBD7F002FCC57 /* UICollectionViewCell+.swift in Sources */,
				294FF9F82B6CA12B00EDD005 /* CommunityCoordinator.swift in Sources */,
				29F80BF72B858CB5003614AB /* ProfileStatusButton.swift in Sources */,
				297090232C37D8B5004A151B /* FollowViewController.swift in Sources */,
				29F80BF92B85AECB003614AB /* ProfileListTabButton.swift in Sources */,
				29B7D3CD2C020D1F00ADF15E /* SnapPreviewCollectionViewCell.swift in Sources */,
				296167AE2BBC1C41003CA89C /* SnapTagListViewController.swift in Sources */,
				298F7F7F2B6BA85700A8DBC5 /* JoinEmailViewController.swift in Sources */,
				29AA37B32BF23D81009EF296 /* UserProfileManager.swift in Sources */,
				29EC04E82C369B5B00181AF9 /* CommonResponseDtoListFindParentReplyResDto.swift in Sources */,
				296167B02BBC20AA003CA89C /* AddTagListCollectionViewCell.swift in Sources */,
				290585552B71FE9600B80F68 /* UIColor+.swift in Sources */,
				A69A81C42B877F2D006BAEB2 /* UITableViewCell+.swift in Sources */,
				298F7F632B6BA3A700A8DBC5 /* MainAlbumViewController.swift in Sources */,
				2929777A2B6618FA00FDC799 /* SceneDelegate.swift in Sources */,
				2970902B2C380A71004A151B /* FindFriendResDto.swift in Sources */,
				29F80C762B8767AC003614AB /* AlbumListCollectionViewCell.swift in Sources */,
				A652BD7A2B9AA5C500CA9F37 /* CGPoint+.swift in Sources */,
			);
			runOnlyForDeploymentPostprocessing = 0;
		};
/* End PBXSourcesBuildPhase section */

/* Begin PBXVariantGroup section */
		292977822B6618FB00FDC799 /* LaunchScreen.storyboard */ = {
			isa = PBXVariantGroup;
			children = (
				292977832B6618FB00FDC799 /* Base */,
			);
			name = LaunchScreen.storyboard;
			sourceTree = "<group>";
		};
/* End PBXVariantGroup section */

/* Begin XCBuildConfiguration section */
		292977862B6618FB00FDC799 /* Debug */ = {
			isa = XCBuildConfiguration;
			buildSettings = {
				ALWAYS_SEARCH_USER_PATHS = NO;
				ASSETCATALOG_COMPILER_GENERATE_SWIFT_ASSET_SYMBOL_EXTENSIONS = YES;
				CLANG_ANALYZER_NONNULL = YES;
				CLANG_ANALYZER_NUMBER_OBJECT_CONVERSION = YES_AGGRESSIVE;
				CLANG_CXX_LANGUAGE_STANDARD = "gnu++20";
				CLANG_ENABLE_MODULES = YES;
				CLANG_ENABLE_OBJC_ARC = YES;
				CLANG_ENABLE_OBJC_WEAK = YES;
				CLANG_WARN_BLOCK_CAPTURE_AUTORELEASING = YES;
				CLANG_WARN_BOOL_CONVERSION = YES;
				CLANG_WARN_COMMA = YES;
				CLANG_WARN_CONSTANT_CONVERSION = YES;
				CLANG_WARN_DEPRECATED_OBJC_IMPLEMENTATIONS = YES;
				CLANG_WARN_DIRECT_OBJC_ISA_USAGE = YES_ERROR;
				CLANG_WARN_DOCUMENTATION_COMMENTS = YES;
				CLANG_WARN_EMPTY_BODY = YES;
				CLANG_WARN_ENUM_CONVERSION = YES;
				CLANG_WARN_INFINITE_RECURSION = YES;
				CLANG_WARN_INT_CONVERSION = YES;
				CLANG_WARN_NON_LITERAL_NULL_CONVERSION = YES;
				CLANG_WARN_OBJC_IMPLICIT_RETAIN_SELF = YES;
				CLANG_WARN_OBJC_LITERAL_CONVERSION = YES;
				CLANG_WARN_OBJC_ROOT_CLASS = YES_ERROR;
				CLANG_WARN_QUOTED_INCLUDE_IN_FRAMEWORK_HEADER = YES;
				CLANG_WARN_RANGE_LOOP_ANALYSIS = YES;
				CLANG_WARN_STRICT_PROTOTYPES = YES;
				CLANG_WARN_SUSPICIOUS_MOVE = YES;
				CLANG_WARN_UNGUARDED_AVAILABILITY = YES_AGGRESSIVE;
				CLANG_WARN_UNREACHABLE_CODE = YES;
				CLANG_WARN__DUPLICATE_METHOD_MATCH = YES;
				COPY_PHASE_STRIP = NO;
				DEBUG_INFORMATION_FORMAT = dwarf;
				ENABLE_STRICT_OBJC_MSGSEND = YES;
				ENABLE_TESTABILITY = YES;
				ENABLE_USER_SCRIPT_SANDBOXING = NO;
				GCC_C_LANGUAGE_STANDARD = gnu17;
				GCC_DYNAMIC_NO_PIC = NO;
				GCC_NO_COMMON_BLOCKS = YES;
				GCC_OPTIMIZATION_LEVEL = 0;
				GCC_PREPROCESSOR_DEFINITIONS = (
					"DEBUG=1",
					"$(inherited)",
				);
				GCC_WARN_64_TO_32_BIT_CONVERSION = YES;
				GCC_WARN_ABOUT_RETURN_TYPE = YES_ERROR;
				GCC_WARN_UNDECLARED_SELECTOR = YES;
				GCC_WARN_UNINITIALIZED_AUTOS = YES_AGGRESSIVE;
				GCC_WARN_UNUSED_FUNCTION = YES;
				GCC_WARN_UNUSED_VARIABLE = YES;
				IPHONEOS_DEPLOYMENT_TARGET = 17.2;
				LOCALIZATION_PREFERS_STRING_CATALOGS = YES;
				MTL_ENABLE_DEBUG_INFO = INCLUDE_SOURCE;
				MTL_FAST_MATH = YES;
				ONLY_ACTIVE_ARCH = YES;
				SDKROOT = iphoneos;
				SWIFT_ACTIVE_COMPILATION_CONDITIONS = "DEBUG $(inherited)";
				SWIFT_OPTIMIZATION_LEVEL = "-Onone";
			};
			name = Debug;
		};
		292977872B6618FB00FDC799 /* Release */ = {
			isa = XCBuildConfiguration;
			buildSettings = {
				ALWAYS_SEARCH_USER_PATHS = NO;
				ASSETCATALOG_COMPILER_GENERATE_SWIFT_ASSET_SYMBOL_EXTENSIONS = YES;
				CLANG_ANALYZER_NONNULL = YES;
				CLANG_ANALYZER_NUMBER_OBJECT_CONVERSION = YES_AGGRESSIVE;
				CLANG_CXX_LANGUAGE_STANDARD = "gnu++20";
				CLANG_ENABLE_MODULES = YES;
				CLANG_ENABLE_OBJC_ARC = YES;
				CLANG_ENABLE_OBJC_WEAK = YES;
				CLANG_WARN_BLOCK_CAPTURE_AUTORELEASING = YES;
				CLANG_WARN_BOOL_CONVERSION = YES;
				CLANG_WARN_COMMA = YES;
				CLANG_WARN_CONSTANT_CONVERSION = YES;
				CLANG_WARN_DEPRECATED_OBJC_IMPLEMENTATIONS = YES;
				CLANG_WARN_DIRECT_OBJC_ISA_USAGE = YES_ERROR;
				CLANG_WARN_DOCUMENTATION_COMMENTS = YES;
				CLANG_WARN_EMPTY_BODY = YES;
				CLANG_WARN_ENUM_CONVERSION = YES;
				CLANG_WARN_INFINITE_RECURSION = YES;
				CLANG_WARN_INT_CONVERSION = YES;
				CLANG_WARN_NON_LITERAL_NULL_CONVERSION = YES;
				CLANG_WARN_OBJC_IMPLICIT_RETAIN_SELF = YES;
				CLANG_WARN_OBJC_LITERAL_CONVERSION = YES;
				CLANG_WARN_OBJC_ROOT_CLASS = YES_ERROR;
				CLANG_WARN_QUOTED_INCLUDE_IN_FRAMEWORK_HEADER = YES;
				CLANG_WARN_RANGE_LOOP_ANALYSIS = YES;
				CLANG_WARN_STRICT_PROTOTYPES = YES;
				CLANG_WARN_SUSPICIOUS_MOVE = YES;
				CLANG_WARN_UNGUARDED_AVAILABILITY = YES_AGGRESSIVE;
				CLANG_WARN_UNREACHABLE_CODE = YES;
				CLANG_WARN__DUPLICATE_METHOD_MATCH = YES;
				COPY_PHASE_STRIP = NO;
				DEBUG_INFORMATION_FORMAT = "dwarf-with-dsym";
				ENABLE_NS_ASSERTIONS = NO;
				ENABLE_STRICT_OBJC_MSGSEND = YES;
				ENABLE_USER_SCRIPT_SANDBOXING = NO;
				GCC_C_LANGUAGE_STANDARD = gnu17;
				GCC_NO_COMMON_BLOCKS = YES;
				GCC_WARN_64_TO_32_BIT_CONVERSION = YES;
				GCC_WARN_ABOUT_RETURN_TYPE = YES_ERROR;
				GCC_WARN_UNDECLARED_SELECTOR = YES;
				GCC_WARN_UNINITIALIZED_AUTOS = YES_AGGRESSIVE;
				GCC_WARN_UNUSED_FUNCTION = YES;
				GCC_WARN_UNUSED_VARIABLE = YES;
				IPHONEOS_DEPLOYMENT_TARGET = 17.2;
				LOCALIZATION_PREFERS_STRING_CATALOGS = YES;
				MTL_ENABLE_DEBUG_INFO = NO;
				MTL_FAST_MATH = YES;
				SDKROOT = iphoneos;
				SWIFT_COMPILATION_MODE = wholemodule;
				VALIDATE_PRODUCT = YES;
			};
			name = Release;
		};
		292977892B6618FB00FDC799 /* Debug */ = {
			isa = XCBuildConfiguration;
			baseConfigurationReference = 2608CDA1B42F7E7BA33C8BA3 /* Pods-Snaptime.debug.xcconfig */;
			buildSettings = {
				ASSETCATALOG_COMPILER_APPICON_NAME = AppIcon;
				ASSETCATALOG_COMPILER_GLOBAL_ACCENT_COLOR_NAME = AccentColor;
				CODE_SIGN_STYLE = Automatic;
				CURRENT_PROJECT_VERSION = 1;
				DEVELOPMENT_TEAM = F7GYZYWC6V;
				GENERATE_INFOPLIST_FILE = YES;
				INFOPLIST_FILE = Snaptime/Info.plist;
				INFOPLIST_KEY_NSCameraUsageDescription = "\"QR 코드 인식을 위한 카메라 사용\"";
				INFOPLIST_KEY_UIApplicationSupportsIndirectInputEvents = YES;
				INFOPLIST_KEY_UILaunchStoryboardName = LaunchScreen;
				INFOPLIST_KEY_UISupportedInterfaceOrientations = "\"\"";
				INFOPLIST_KEY_UISupportedInterfaceOrientations_iPad = "UIInterfaceOrientationPortrait UIInterfaceOrientationPortraitUpsideDown UIInterfaceOrientationLandscapeLeft UIInterfaceOrientationLandscapeRight";
				INFOPLIST_KEY_UISupportedInterfaceOrientations_iPhone = "UIInterfaceOrientationPortrait UIInterfaceOrientationLandscapeLeft UIInterfaceOrientationLandscapeRight";
				LD_RUNPATH_SEARCH_PATHS = (
					"$(inherited)",
					"@executable_path/Frameworks",
				);
				MARKETING_VERSION = 1.0;
				PRODUCT_BUNDLE_IDENTIFIER = com.inuappcenter.Snaptime;
				PRODUCT_NAME = "$(TARGET_NAME)";
				SWIFT_EMIT_LOC_STRINGS = YES;
				SWIFT_VERSION = 5.0;
				TARGETED_DEVICE_FAMILY = "1,2";
			};
			name = Debug;
		};
		2929778A2B6618FB00FDC799 /* Release */ = {
			isa = XCBuildConfiguration;
			baseConfigurationReference = 02D1530B334B76A3EB8999A7 /* Pods-Snaptime.release.xcconfig */;
			buildSettings = {
				ASSETCATALOG_COMPILER_APPICON_NAME = AppIcon;
				ASSETCATALOG_COMPILER_GLOBAL_ACCENT_COLOR_NAME = AccentColor;
				CODE_SIGN_STYLE = Automatic;
				CURRENT_PROJECT_VERSION = 1;
				DEVELOPMENT_TEAM = F7GYZYWC6V;
				GENERATE_INFOPLIST_FILE = YES;
				INFOPLIST_FILE = Snaptime/Info.plist;
				INFOPLIST_KEY_NSCameraUsageDescription = "\"QR 코드 인식을 위한 카메라 사용\"";
				INFOPLIST_KEY_UIApplicationSupportsIndirectInputEvents = YES;
				INFOPLIST_KEY_UILaunchStoryboardName = LaunchScreen;
				INFOPLIST_KEY_UISupportedInterfaceOrientations = "\"\"";
				INFOPLIST_KEY_UISupportedInterfaceOrientations_iPad = "UIInterfaceOrientationPortrait UIInterfaceOrientationPortraitUpsideDown UIInterfaceOrientationLandscapeLeft UIInterfaceOrientationLandscapeRight";
				INFOPLIST_KEY_UISupportedInterfaceOrientations_iPhone = "UIInterfaceOrientationPortrait UIInterfaceOrientationLandscapeLeft UIInterfaceOrientationLandscapeRight";
				LD_RUNPATH_SEARCH_PATHS = (
					"$(inherited)",
					"@executable_path/Frameworks",
				);
				MARKETING_VERSION = 1.0;
				PRODUCT_BUNDLE_IDENTIFIER = com.inuappcenter.Snaptime;
				PRODUCT_NAME = "$(TARGET_NAME)";
				SWIFT_EMIT_LOC_STRINGS = YES;
				SWIFT_VERSION = 5.0;
				TARGETED_DEVICE_FAMILY = "1,2";
			};
			name = Release;
		};
/* End XCBuildConfiguration section */

/* Begin XCConfigurationList section */
		2929776F2B6618FA00FDC799 /* Build configuration list for PBXProject "Snaptime" */ = {
			isa = XCConfigurationList;
			buildConfigurations = (
				292977862B6618FB00FDC799 /* Debug */,
				292977872B6618FB00FDC799 /* Release */,
			);
			defaultConfigurationIsVisible = 0;
			defaultConfigurationName = Release;
		};
		292977882B6618FB00FDC799 /* Build configuration list for PBXNativeTarget "Snaptime" */ = {
			isa = XCConfigurationList;
			buildConfigurations = (
				292977892B6618FB00FDC799 /* Debug */,
				2929778A2B6618FB00FDC799 /* Release */,
			);
			defaultConfigurationIsVisible = 0;
			defaultConfigurationName = Release;
		};
/* End XCConfigurationList section */
	};
	rootObject = 2929776C2B6618FA00FDC799 /* Project object */;
}
