PODS:
  - Alamofire (5.6.4)
  - Kingfisher (7.11.0)
  - SnapKit (5.6.0)

DEPENDENCIES:
  - Alamofire (~> 5.6.4)
  - Kingfisher (~> 7.0)
  - SnapKit (~> 5.6.0)

SPEC REPOS:
  trunk:
    - Alamofire
    - Kingfisher
    - SnapKit

SPEC CHECKSUMS:
  Alamofire: 4e95d97098eacb88856099c4fc79b526a299e48c
  Kingfisher: b9c985d864d43515f404f1ef4a8ce7d802ace3ac
  SnapKit: e01d52ebb8ddbc333eefe2132acf85c8227d9c25

PODFILE CHECKSUM: b0512e9ac36a36d94c799a2db647d5c91fd505ba

COCOAPODS: 1.15.2
