PODS:
  - Alamofire (5.6.4)
  - SnapKit (5.6.0)

DEPENDENCIES:
  - Alamofire (~> 5.6.4)
  - SnapKit (~> 5.6.0)

SPEC REPOS:
  trunk:
    - Alamofire
    - SnapKit

SPEC CHECKSUMS:
  Alamofire: 4e95d97098eacb88856099c4fc79b526a299e48c
  SnapKit: e01d52ebb8ddbc333eefe2132acf85c8227d9c25

PODFILE CHECKSUM: 35f2f88dc9814e084410ab03aa0aa5ca06c66c0e

COCOAPODS: 1.14.3
